
Microsoft Visual Studio Solution File, Format Version 12.00
# Visual Studio Version 16
VisualStudioVersion = 16.0.30114.105
MinimumVisualStudioVersion = 10.0.40219.1
Project("{FAE04EC0-301F-11D3-BF4B-00C04F79EFBC}") = "Testing", "Testing\Testing.csproj", "{4397166E-FB04-47F3-8730-94905C4BA60B}"
EndProject
Project("{FAE04EC0-301F-11D3-BF4B-00C04F79EFBC}") = "WebAPI", "WebAPI\WebAPI.csproj", "{2470C441-D086-4AB8-8DBC-432C03EF6E4D}"
EndProject
Global
	GlobalSection(SolutionProperties) = preSolution
		HideSolutionNode = FALSE
	EndGlobalSection
	GlobalSection(SolutionConfigurationPlatforms) = preSolution
		Debug|Any CPU = Debug|Any CPU
		Debug|x64 = Debug|x64
		Debug|x86 = Debug|x86
		Release|Any CPU = Release|Any CPU
		Release|x64 = Release|x64
		Release|x86 = Release|x86
	EndGlobalSection
	GlobalSection(ProjectConfigurationPlatforms) = postSolution
		{4397166E-FB04-47F3-8730-94905C4BA60B}.Debug|Any CPU.ActiveCfg = Debug|Any CPU
		{4397166E-FB04-47F3-8730-94905C4BA60B}.Debug|Any CPU.Build.0 = Debug|Any CPU
		{4397166E-FB04-47F3-8730-94905C4BA60B}.Debug|x64.ActiveCfg = Debug|Any CPU
		{4397166E-FB04-47F3-8730-94905C4BA60B}.Debug|x64.Build.0 = Debug|Any CPU
		{4397166E-FB04-47F3-8730-94905C4BA60B}.Debug|x86.ActiveCfg = Debug|Any CPU
		{4397166E-FB04-47F3-8730-94905C4BA60B}.Debug|x86.Build.0 = Debug|Any CPU
		{4397166E-FB04-47F3-8730-94905C4BA60B}.Release|Any CPU.ActiveCfg = Release|Any CPU
		{4397166E-FB04-47F3-8730-94905C4BA60B}.Release|Any CPU.Build.0 = Release|Any CPU
		{4397166E-FB04-47F3-8730-94905C4BA60B}.Release|x64.ActiveCfg = Release|Any CPU
		{4397166E-FB04-47F3-8730-94905C4BA60B}.Release|x64.Build.0 = Release|Any CPU
		{4397166E-FB04-47F3-8730-94905C4BA60B}.Release|x86.ActiveCfg = Release|Any CPU
		{4397166E-FB04-47F3-8730-94905C4BA60B}.Release|x86.Build.0 = Release|Any CPU
		{2470C441-D086-4AB8-8DBC-432C03EF6E4D}.Debug|Any CPU.ActiveCfg = Debug|Any CPU
		{2470C441-D086-4AB8-8DBC-432C03EF6E4D}.Debug|Any CPU.Build.0 = Debug|Any CPU
		{2470C441-D086-4AB8-8DBC-432C03EF6E4D}.Debug|x64.ActiveCfg = Debug|Any CPU
		{2470C441-D086-4AB8-8DBC-432C03EF6E4D}.Debug|x64.Build.0 = Debug|Any CPU
		{2470C441-D086-4AB8-8DBC-432C03EF6E4D}.Debug|x86.ActiveCfg = Debug|Any CPU
		{2470C441-D086-4AB8-8DBC-432C03EF6E4D}.Debug|x86.Build.0 = Debug|Any CPU
		{2470C441-D086-4AB8-8DBC-432C03EF6E4D}.Release|Any CPU.ActiveCfg = Release|Any CPU
		{2470C441-D086-4AB8-8DBC-432C03EF6E4D}.Release|Any CPU.Build.0 = Release|Any CPU
		{2470C441-D086-4AB8-8DBC-432C03EF6E4D}.Release|x64.ActiveCfg = Release|Any CPU
		{2470C441-D086-4AB8-8DBC-432C03EF6E4D}.Release|x64.Build.0 = Release|Any CPU
		{2470C441-D086-4AB8-8DBC-432C03EF6E4D}.Release|x86.ActiveCfg = Release|Any CPU
		{2470C441-D086-4AB8-8DBC-432C03EF6E4D}.Release|x86.Build.0 = Release|Any CPU
	EndGlobalSection
EndGlobal
